// !$*UTF8*$!
{
	archiveVersion = 1;
	classes = {
	};
	objectVersion = 50;
	objects = {

/* Begin PBXBuildFile section */
		9B7CAE3C23CE63BC003C034C /* AppDelegate.swift in Sources */ = {isa = PBXBuildFile; fileRef = 9B7CAE3B23CE63BC003C034C /* AppDelegate.swift */; };
		9B7CAE3E23CE63BC003C034C /* SceneDelegate.swift in Sources */ = {isa = PBXBuildFile; fileRef = 9B7CAE3D23CE63BC003C034C /* SceneDelegate.swift */; };
		9B7CAE4023CE63BC003C034C /* ViewController.swift in Sources */ = {isa = PBXBuildFile; fileRef = 9B7CAE3F23CE63BC003C034C /* ViewController.swift */; };
		9B7CAE4323CE63BC003C034C /* Main.storyboard in Resources */ = {isa = PBXBuildFile; fileRef = 9B7CAE4123CE63BC003C034C /* Main.storyboard */; };
		9B7CAE4523CE63BD003C034C /* Assets.xcassets in Resources */ = {isa = PBXBuildFile; fileRef = 9B7CAE4423CE63BD003C034C /* Assets.xcassets */; };
		9B7CAE4823CE63BD003C034C /* LaunchScreen.storyboard in Resources */ = {isa = PBXBuildFile; fileRef = 9B7CAE4623CE63BD003C034C /* LaunchScreen.storyboard */; };
		9B7CAE5023CE703C003C034C /* locationButton.png in Resources */ = {isa = PBXBuildFile; fileRef = 9B7CAE4F23CE703C003C034C /* locationButton.png */; };
/* End PBXBuildFile section */

/* Begin PBXFileReference section */
		9B7CAE3823CE63BC003C034C /* labA1_764928.app */ = {isa = PBXFileReference; explicitFileType = wrapper.application; includeInIndex = 0; path = labA1_764928.app; sourceTree = BUILT_PRODUCTS_DIR; };
		9B7CAE3B23CE63BC003C034C /* AppDelegate.swift */ = {isa = PBXFileReference; lastKnownFileType = sourcecode.swift; path = AppDelegate.swift; sourceTree = "<group>"; };
		9B7CAE3D23CE63BC003C034C /* SceneDelegate.swift */ = {isa = PBXFileReference; lastKnownFileType = sourcecode.swift; path = SceneDelegate.swift; sourceTree = "<group>"; };
		9B7CAE3F23CE63BC003C034C /* ViewController.swift */ = {isa = PBXFileReference; lastKnownFileType = sourcecode.swift; path = ViewController.swift; sourceTree = "<group>"; };
		9B7CAE4223CE63BC003C034C /* Base */ = {isa = PBXFileReference; lastKnownFileType = file.storyboard; name = Base; path = Base.lproj/Main.storyboard; sourceTree = "<group>"; };
		9B7CAE4423CE63BD003C034C /* Assets.xcassets */ = {isa = PBXFileReference; lastKnownFileType = folder.assetcatalog; path = Assets.xcassets; sourceTree = "<group>"; };
		9B7CAE4723CE63BD003C034C /* Base */ = {isa = PBXFileReference; lastKnownFileType = file.storyboard; name = Base; path = Base.lproj/LaunchScreen.storyboard; sourceTree = "<group>"; };
		9B7CAE4923CE63BD003C034C /* Info.plist */ = {isa = PBXFileReference; lastKnownFileType = text.plist.xml; path = Info.plist; sourceTree = "<group>"; };
		9B7CAE4F23CE703C003C034C /* locationButton.png */ = {isa = PBXFileReference; lastKnownFileType = image.png; path = locationButton.png; sourceTree = "<group>"; };
/* End PBXFileReference section */

/* Begin PBXFrameworksBuildPhase section */
		9B7CAE3523CE63BC003C034C /* Frameworks */ = {
			isa = PBXFrameworksBuildPhase;
			buildActionMask = 2147483647;
			files = (
			);
			runOnlyForDeploymentPostprocessing = 0;
		};
/* End PBXFrameworksBuildPhase section */

/* Begin PBXGroup section */
		9B7CAE2F23CE63BC003C034C = {
			isa = PBXGroup;
			children = (
				9B7CAE3A23CE63BC003C034C /* labA1_764928 */,
				9B7CAE3923CE63BC003C034C /* Products */,
			);
			sourceTree = "<group>";
		};
		9B7CAE3923CE63BC003C034C /* Products */ = {
			isa = PBXGroup;
			children = (
				9B7CAE3823CE63BC003C034C /* labA1_764928.app */,
			);
			name = Products;
			sourceTree = "<group>";
		};
		9B7CAE3A23CE63BC003C034C /* labA1_764928 */ = {
			isa = PBXGroup;
			children = (
				9B7CAE4F23CE703C003C034C /* locationButton.png */,
				9B7CAE3B23CE63BC003C034C /* AppDelegate.swift */,
				9B7CAE3D23CE63BC003C034C /* SceneDelegate.swift */,
				9B7CAE3F23CE63BC003C034C /* ViewController.swift */,
				9B7CAE4123CE63BC003C034C /* Main.storyboard */,
				9B7CAE4423CE63BD003C034C /* Assets.xcassets */,
				9B7CAE4623CE63BD003C034C /* LaunchScreen.storyboard */,
				9B7CAE4923CE63BD003C034C /* Info.plist */,
			);
			path = labA1_764928;
			sourceTree = "<group>";
		};
/* End PBXGroup section */

/* Begin PBXNativeTarget section */
		9B7CAE3723CE63BC003C034C /* labA1_764928 */ = {
			isa = PBXNativeTarget;
			buildConfigurationList = 9B7CAE4C23CE63BD003C034C /* Build configuration list for PBXNativeTarget "labA1_764928" */;
			buildPhases = (
				9B7CAE3423CE63BC003C034C /* Sources */,
				9B7CAE3523CE63BC003C034C /* Frameworks */,
				9B7CAE3623CE63BC003C034C /* Resources */,
			);
			buildRules = (
			);
			dependencies = (
			);
			name = labA1_764928;
			productName = labA1_764928;
			productReference = 9B7CAE3823CE63BC003C034C /* labA1_764928.app */;
			productType = "com.apple.product-type.application";
		};
/* End PBXNativeTarget section */

/* Begin PBXProject section */
		9B7CAE3023CE63BC003C034C /* Project object */ = {
			isa = PBXProject;
			attributes = {
				LastSwiftUpdateCheck = 1130;
				LastUpgradeCheck = 1130;
				ORGANIZATIONNAME = MacStudent;
				TargetAttributes = {
					9B7CAE3723CE63BC003C034C = {
						CreatedOnToolsVersion = 11.3;
					};
				};
			};
			buildConfigurationList = 9B7CAE3323CE63BC003C034C /* Build configuration list for PBXProject "labA1_764928" */;
			compatibilityVersion = "Xcode 9.3";
			developmentRegion = en;
			hasScannedForEncodings = 0;
			knownRegions = (
				en,
				Base,
			);
			mainGroup = 9B7CAE2F23CE63BC003C034C;
			productRefGroup = 9B7CAE3923CE63BC003C034C /* Products */;
			projectDirPath = "";
			projectRoot = "";
			targets = (
				9B7CAE3723CE63BC003C034C /* labA1_764928 */,
			);
		};
/* End PBXProject section */

/* Begin PBXResourcesBuildPhase section */
		9B7CAE3623CE63BC003C034C /* Resources */ = {
			isa = PBXResourcesBuildPhase;
			buildActionMask = 2147483647;
			files = (
				9B7CAE4823CE63BD003C034C /* LaunchScreen.storyboard in Resources */,
				9B7CAE4523CE63BD003C034C /* Assets.xcassets in Resources */,
				9B7CAE5023CE703C003C034C /* locationButton.png in Resources */,
				9B7CAE4323CE63BC003C034C /* Main.storyboard in Resources */,
			);
			runOnlyForDeploymentPostprocessing = 0;
		};
/* End PBXResourcesBuildPhase section */

/* Begin PBXSourcesBuildPhase section */
		9B7CAE3423CE63BC003C034C /* Sources */ = {
			isa = PBXSourcesBuildPhase;
			buildActionMask = 2147483647;
			files = (
				9B7CAE4023CE63BC003C034C /* ViewController.swift in Sources */,
				9B7CAE3C23CE63BC003C034C /* AppDelegate.swift in Sources */,
				9B7CAE3E23CE63BC003C034C /* SceneDelegate.swift in Sources */,
			);
			runOnlyForDeploymentPostprocessing = 0;
		};
/* End PBXSourcesBuildPhase section */

/* Begin PBXVariantGroup section */
		9B7CAE4123CE63BC003C034C /* Main.storyboard */ = {
			isa = PBXVariantGroup;
			children = (
				9B7CAE4223CE63BC003C034C /* Base */,
			);
			name = Main.storyboard;
			sourceTree = "<group>";
		};
		9B7CAE4623CE63BD003C034C /* LaunchScreen.storyboard */ = {
			isa = PBXVariantGroup;
			children = (
				9B7CAE4723CE63BD003C034C /* Base */,
			);
			name = LaunchScreen.storyboard;
			sourceTree = "<group>";
		};
/* End PBXVariantGroup section */

/* Begin XCBuildConfiguration section */
		9B7CAE4A23CE63BD003C034C /* Debug */ = {
			isa = XCBuildConfiguration;
			buildSettings = {
				ALWAYS_SEARCH_USER_PATHS = NO;
				CLANG_ANALYZER_NONNULL = YES;
				CLANG_ANALYZER_NUMBER_OBJECT_CONVERSION = YES_AGGRESSIVE;
				CLANG_CXX_LANGUAGE_STANDARD = "gnu++14";
				CLANG_CXX_LIBRARY = "libc++";
				CLANG_ENABLE_MODULES = YES;
				CLANG_ENABLE_OBJC_ARC = YES;
				CLANG_ENABLE_OBJC_WEAK = YES;
				CLANG_WARN_BLOCK_CAPTURE_AUTORELEASING = YES;
				CLANG_WARN_BOOL_CONVERSION = YES;
				CLANG_WARN_COMMA = YES;
				CLANG_WARN_CONSTANT_CONVERSION = YES;
				CLANG_WARN_DEPRECATED_OBJC_IMPLEMENTATIONS = YES;
				CLANG_WARN_DIRECT_OBJC_ISA_USAGE = YES_ERROR;
				CLANG_WARN_DOCUMENTATION_COMMENTS = YES;
				CLANG_WARN_EMPTY_BODY = YES;
				CLANG_WARN_ENUM_CONVERSION = YES;
				CLANG_WARN_INFINITE_RECURSION = YES;
				CLANG_WARN_INT_CONVERSION = YES;
				CLANG_WARN_NON_LITERAL_NULL_CONVERSION = YES;
				CLANG_WARN_OBJC_IMPLICIT_RETAIN_SELF = YES;
				CLANG_WARN_OBJC_LITERAL_CONVERSION = YES;
				CLANG_WARN_OBJC_ROOT_CLASS = YES_ERROR;
				CLANG_WARN_RANGE_LOOP_ANALYSIS = YES;
				CLANG_WARN_STRICT_PROTOTYPES = YES;
				CLANG_WARN_SUSPICIOUS_MOVE = YES;
				CLANG_WARN_UNGUARDED_AVAILABILITY = YES_AGGRESSIVE;
				CLANG_WARN_UNREACHABLE_CODE = YES;
				CLANG_WARN__DUPLICATE_METHOD_MATCH = YES;
				COPY_PHASE_STRIP = NO;
				DEBUG_INFORMATION_FORMAT = dwarf;
				ENABLE_STRICT_OBJC_MSGSEND = YES;
				ENABLE_TESTABILITY = YES;
				GCC_C_LANGUAGE_STANDARD = gnu11;
				GCC_DYNAMIC_NO_PIC = NO;
				GCC_NO_COMMON_BLOCKS = YES;
				GCC_OPTIMIZATION_LEVEL = 0;
				GCC_PREPROCESSOR_DEFINITIONS = (
					"DEBUG=1",
					"$(inherited)",
				);
				GCC_WARN_64_TO_32_BIT_CONVERSION = YES;
				GCC_WARN_ABOUT_RETURN_TYPE = YES_ERROR;
				GCC_WARN_UNDECLARED_SELECTOR = YES;
				GCC_WARN_UNINITIALIZED_AUTOS = YES_AGGRESSIVE;
				GCC_WARN_UNUSED_FUNCTION = YES;
				GCC_WARN_UNUSED_VARIABLE = YES;
				IPHONEOS_DEPLOYMENT_TARGET = 13.2;
				MTL_ENABLE_DEBUG_INFO = INCLUDE_SOURCE;
				MTL_FAST_MATH = YES;
				ONLY_ACTIVE_ARCH = YES;
				SDKROOT = iphoneos;
				SWIFT_ACTIVE_COMPILATION_CONDITIONS = DEBUG;
				SWIFT_OPTIMIZATION_LEVEL = "-Onone";
			};
			name = Debug;
		};
		9B7CAE4B23CE63BD003C034C /* Release */ = {
			isa = XCBuildConfiguration;
			buildSettings = {
				ALWAYS_SEARCH_USER_PATHS = NO;
				CLANG_ANALYZER_NONNULL = YES;
				CLANG_ANALYZER_NUMBER_OBJECT_CONVERSION = YES_AGGRESSIVE;
				CLANG_CXX_LANGUAGE_STANDARD = "gnu++14";
				CLANG_CXX_LIBRARY = "libc++";
				CLANG_ENABLE_MODULES = YES;
				CLANG_ENABLE_OBJC_ARC = YES;
				CLANG_ENABLE_OBJC_WEAK = YES;
				CLANG_WARN_BLOCK_CAPTURE_AUTORELEASING = YES;
				CLANG_WARN_BOOL_CONVERSION = YES;
				CLANG_WARN_COMMA = YES;
				CLANG_WARN_CONSTANT_CONVERSION = YES;
				CLANG_WARN_DEPRECATED_OBJC_IMPLEMENTATIONS = YES;
				CLANG_WARN_DIRECT_OBJC_ISA_USAGE = YES_ERROR;
				CLANG_WARN_DOCUMENTATION_COMMENTS = YES;
				CLANG_WARN_EMPTY_BODY = YES;
				CLANG_WARN_ENUM_CONVERSION = YES;
				CLANG_WARN_INFINITE_RECURSION = YES;
				CLANG_WARN_INT_CONVERSION = YES;
				CLANG_WARN_NON_LITERAL_NULL_CONVERSION = YES;
				CLANG_WARN_OBJC_IMPLICIT_RETAIN_SELF = YES;
				CLANG_WARN_OBJC_LITERAL_CONVERSION = YES;
				CLANG_WARN_OBJC_ROOT_CLASS = YES_ERROR;
				CLANG_WARN_RANGE_LOOP_ANALYSIS = YES;
				CLANG_WARN_STRICT_PROTOTYPES = YES;
				CLANG_WARN_SUSPICIOUS_MOVE = YES;
				CLANG_WARN_UNGUARDED_AVAILABILITY = YES_AGGRESSIVE;
				CLANG_WARN_UNREACHABLE_CODE = YES;
				CLANG_WARN__DUPLICATE_METHOD_MATCH = YES;
				COPY_PHASE_STRIP = NO;
				DEBUG_INFORMATION_FORMAT = "dwarf-with-dsym";
				ENABLE_NS_ASSERTIONS = NO;
				ENABLE_STRICT_OBJC_MSGSEND = YES;
				GCC_C_LANGUAGE_STANDARD = gnu11;
				GCC_NO_COMMON_BLOCKS = YES;
				GCC_WARN_64_TO_32_BIT_CONVERSION = YES;
				GCC_WARN_ABOUT_RETURN_TYPE = YES_ERROR;
				GCC_WARN_UNDECLARED_SELECTOR = YES;
				GCC_WARN_UNINITIALIZED_AUTOS = YES_AGGRESSIVE;
				GCC_WARN_UNUSED_FUNCTION = YES;
				GCC_WARN_UNUSED_VARIABLE = YES;
				IPHONEOS_DEPLOYMENT_TARGET = 13.2;
				MTL_ENABLE_DEBUG_INFO = NO;
				MTL_FAST_MATH = YES;
				SDKROOT = iphoneos;
				SWIFT_COMPILATION_MODE = wholemodule;
				SWIFT_OPTIMIZATION_LEVEL = "-O";
				VALIDATE_PRODUCT = YES;
			};
			name = Release;
		};
		9B7CAE4D23CE63BD003C034C /* Debug */ = {
			isa = XCBuildConfiguration;
			buildSettings = {
				ASSETCATALOG_COMPILER_APPICON_NAME = AppIcon;
				CODE_SIGN_STYLE = Automatic;
				INFOPLIST_FILE = labA1_764928/Info.plist;
				LD_RUNPATH_SEARCH_PATHS = (
					"$(inherited)",
					"@executable_path/Frameworks",
				);
				PRODUCT_BUNDLE_IDENTIFIER = "CestarCollege.labA1-764928";
				PRODUCT_NAME = "$(TARGET_NAME)";
				SWIFT_VERSION = 5.0;
				TARGETED_DEVICE_FAMILY = "1,2";
			};
			name = Debug;
		};
		9B7CAE4E23CE63BD003C034C /* Release */ = {
			isa = XCBuildConfiguration;
			buildSettings = {
				ASSETCATALOG_COMPILER_APPICON_NAME = AppIcon;
				CODE_SIGN_STYLE = Automatic;
				INFOPLIST_FILE = labA1_764928/Info.plist;
				LD_RUNPATH_SEARCH_PATHS = (
					"$(inherited)",
					"@executable_path/Frameworks",
				);
				PRODUCT_BUNDLE_IDENTIFIER = "CestarCollege.labA1-764928";
				PRODUCT_NAME = "$(TARGET_NAME)";
				SWIFT_VERSION = 5.0;
				TARGETED_DEVICE_FAMILY = "1,2";
			};
			name = Release;
		};
/* End XCBuildConfiguration section */

/* Begin XCConfigurationList section */
		9B7CAE3323CE63BC003C034C /* Build configuration list for PBXProject "labA1_764928" */ = {
			isa = XCConfigurationList;
			buildConfigurations = (
				9B7CAE4A23CE63BD003C034C /* Debug */,
				9B7CAE4B23CE63BD003C034C /* Release */,
			);
			defaultConfigurationIsVisible = 0;
			defaultConfigurationName = Release;
		};
		9B7CAE4C23CE63BD003C034C /* Build configuration list for PBXNativeTarget "labA1_764928" */ = {
			isa = XCConfigurationList;
			buildConfigurations = (
				9B7CAE4D23CE63BD003C034C /* Debug */,
				9B7CAE4E23CE63BD003C034C /* Release */,
			);
			defaultConfigurationIsVisible = 0;
			defaultConfigurationName = Release;
		};
/* End XCConfigurationList section */
	};
	rootObject = 9B7CAE3023CE63BC003C034C /* Project object */;
}
